{
  "version": 4,
  "terraform_version": "1.8.0",
  "serial": 146,
  "lineage": "7d58c684-3ae4-86cf-a4c1-ba55bb467018",
  "outputs": {
    "firebase_apiKey": {
      "value": "AIzaSyA5Y6qRu5OrQJT4mR7EUt00uSao4dyuoCw",
      "type": "string"
    },
    "firebase_appId": {
      "value": "1:8284261536:web:3b1318debffa365d324dc5",
      "type": "string"
    },
    "firebase_authDomain": {
      "value": "scoping-project-350008.firebaseapp.com",
      "type": "string"
    },
    "firebase_measurementId": {
      "value": "",
      "type": "string"
    },
    "firebase_messagingSenderId": {
      "value": "8284261536",
      "type": "string"
    },
    "firebase_storageBucket": {
      "value": "scoping-project-350008.appspot.com",
      "type": "string"
    },
    "project_number": {
      "value": "8284261536",
      "type": "string"
    },
    "revision": {
      "value": "opendataqna-test-1-00001-fgr",
      "type": "string"
    },
    "service_name": {
      "value": "opendataqna-test-1",
      "type": "string"
    },
    "service_url": {
      "value": "https://opendataqna-test-1-74hgdr2fja-uc.a.run.app",
      "type": "string"
    }
  },
  "resources": [
    {
      "mode": "data",
      "type": "google_firebase_web_app_config",
      "name": "app_frontend_config",
      "provider": "provider[\"registry.terraform.io/hashicorp/google-beta\"]",
      "instances": [
        {
          "schema_version": 0,
          "attributes": {
            "api_key": "AIzaSyA5Y6qRu5OrQJT4mR7EUt00uSao4dyuoCw",
            "auth_domain": "scoping-project-350008.firebaseapp.com",
            "database_url": "",
            "id": "1:8284261536:web:3b1318debffa365d324dc5",
            "location_id": "",
            "measurement_id": "",
            "messaging_sender_id": "8284261536",
            "project": "scoping-project-350008",
            "storage_bucket": "scoping-project-350008.appspot.com",
            "web_app_id": "1:8284261536:web:3b1318debffa365d324dc5"
          },
          "sensitive_attributes": []
        }
      ]
    },
    {
      "mode": "data",
      "type": "google_project",
      "name": "project",
      "provider": "provider[\"registry.terraform.io/hashicorp/google\"]",
      "instances": [
        {
          "schema_version": 0,
          "attributes": {
            "auto_create_network": null,
            "billing_account": "01C1A6-F0B42A-DDFF3F",
            "effective_labels": {
              "firebase": "enabled"
            },
            "folder_id": "",
            "id": "projects/scoping-project-350008",
            "labels": {
              "firebase": "enabled"
            },
            "name": "Scoping-project",
            "number": "8284261536",
            "org_id": "690755791659",
            "project_id": "scoping-project-350008",
            "skip_delete": null,
            "terraform_labels": {
              "firebase": "enabled"
            }
          },
          "sensitive_attributes": []
        }
      ]
    },
    {
      "mode": "managed",
      "type": "google_cloud_run_service",
      "name": "backend",
      "provider": "provider[\"registry.terraform.io/hashicorp/google\"]",
      "instances": [
        {
          "schema_version": 2,
          "attributes": {
            "autogenerate_revision_name": false,
            "id": "locations/us-central1/namespaces/scoping-project-350008/services/opendataqna-test-1",
            "location": "us-central1",
            "metadata": [
              {
                "annotations": {},
                "effective_annotations": {
                  "run.googleapis.com/ingress": "all",
                  "run.googleapis.com/ingress-status": "all",
                  "run.googleapis.com/operation-id": "ac075333-0d11-4ce1-bafc-7b85e2d19761",
                  "serving.knative.dev/creator": "varunikagupta@google.com",
                  "serving.knative.dev/lastModifier": "varunikagupta@google.com"
                },
                "effective_labels": {
                  "cloud.googleapis.com/location": "us-central1"
                },
                "generation": 1,
                "labels": {},
                "namespace": "scoping-project-350008",
                "resource_version": "AAYfHjrObMc",
                "self_link": "/apis/serving.knative.dev/v1/namespaces/8284261536/services/opendataqna-test-1",
                "terraform_labels": {},
                "uid": "397bfd86-8d78-47c4-a4d0-571d49548cff"
              }
            ],
            "name": "opendataqna-test-1",
            "project": "scoping-project-350008",
            "status": [
              {
                "conditions": [
                  {
                    "message": "",
                    "reason": "",
                    "status": "True",
                    "type": "Ready"
                  },
                  {
                    "message": "",
                    "reason": "",
                    "status": "True",
                    "type": "ConfigurationsReady"
                  },
                  {
                    "message": "",
                    "reason": "",
                    "status": "True",
                    "type": "RoutesReady"
                  }
                ],
                "latest_created_revision_name": "opendataqna-test-1-00001-fgr",
                "latest_ready_revision_name": "opendataqna-test-1-00001-fgr",
                "observed_generation": 1,
                "traffic": [
                  {
                    "latest_revision": true,
                    "percent": 100,
                    "revision_name": "opendataqna-test-1-00001-fgr",
                    "tag": "",
                    "url": ""
                  }
                ],
                "url": "https://opendataqna-test-1-74hgdr2fja-uc.a.run.app"
              }
            ],
            "template": [
              {
                "metadata": [
                  {
                    "annotations": {
                      "autoscaling.knative.dev/maxScale": "100"
                    },
                    "generation": 0,
                    "labels": {
                      "run.googleapis.com/startupProbeType": "Default"
                    },
                    "name": "",
                    "namespace": "",
                    "resource_version": "",
                    "self_link": "",
                    "uid": ""
                  }
                ],
                "spec": [
                  {
                    "container_concurrency": 80,
                    "containers": [
                      {
                        "args": null,
                        "command": null,
                        "env": [],
                        "env_from": [],
                        "image": "us-docker.pkg.dev/cloudrun/container/hello",
                        "liveness_probe": [],
                        "name": "",
                        "ports": [
                          {
                            "container_port": 8080,
                            "name": "http1",
                            "protocol": ""
                          }
                        ],
                        "resources": [
                          {
                            "limits": {
                              "cpu": "1000m",
                              "memory": "512Mi"
                            },
                            "requests": {}
                          }
                        ],
                        "startup_probe": [
                          {
                            "failure_threshold": 1,
                            "grpc": [],
                            "http_get": [],
                            "initial_delay_seconds": 0,
                            "period_seconds": 240,
                            "tcp_socket": [
                              {
                                "port": 8080
                              }
                            ],
                            "timeout_seconds": 240
                          }
                        ],
                        "volume_mounts": [],
                        "working_dir": ""
                      }
                    ],
                    "service_account_name": "opendataqna-sa@scoping-project-350008.iam.gserviceaccount.com",
                    "serving_state": "",
                    "timeout_seconds": 300,
                    "volumes": []
                  }
                ]
              }
            ],
            "timeouts": null,
            "traffic": [
              {
                "latest_revision": true,
                "percent": 100,
                "revision_name": "",
                "tag": "",
                "url": ""
              }
            ]
          },
          "sensitive_attributes": [],
          "private": "eyJlMmJmYjczMC1lY2FhLTExZTYtOGY4OC0zNDM2M2JjN2M0YzAiOnsiY3JlYXRlIjoxMjAwMDAwMDAwMDAwLCJkZWxldGUiOjEyMDAwMDAwMDAwMDAsInVwZGF0ZSI6MTIwMDAwMDAwMDAwMH0sInNjaGVtYV92ZXJzaW9uIjoiMiJ9",
          "dependencies": [
            "local_file.config_ini",
            "module.genai_cloudrun_service_account.google_billing_account_iam_member.billing_user",
            "module.genai_cloudrun_service_account.google_organization_iam_member.billing_user",
            "module.genai_cloudrun_service_account.google_organization_iam_member.organization_viewer",
            "module.genai_cloudrun_service_account.google_organization_iam_member.xpn_admin",
            "module.genai_cloudrun_service_account.google_project_iam_member.project-roles",
            "module.genai_cloudrun_service_account.google_service_account.service_accounts",
            "module.genai_cloudrun_service_account.google_service_account_key.keys",
            "module.project_services.data.google_compute_default_service_account.default",
            "module.project_services.google_project_iam_member.project_service_identity_roles",
            "module.project_services.google_project_service.project_services",
            "module.project_services.google_project_service_identity.project_service_identities",
            "null_resource.org_policy_temp"
          ]
        }
      ]
    },
    {
      "mode": "managed",
      "type": "google_cloud_run_service_iam_member",
      "name": "invoker",
      "provider": "provider[\"registry.terraform.io/hashicorp/google\"]",
      "instances": [
        {
          "schema_version": 0,
          "attributes": {
            "condition": [],
            "etag": "BwYfHjrmvvU=",
            "id": "v1/projects/scoping-project-350008/locations/us-central1/services/opendataqna-test-1/roles/run.invoker/allUsers",
            "location": "us-central1",
            "member": "allUsers",
            "project": "scoping-project-350008",
            "role": "roles/run.invoker",
            "service": "v1/projects/scoping-project-350008/locations/us-central1/services/opendataqna-test-1"
          },
          "sensitive_attributes": [],
          "private": "bnVsbA==",
          "dependencies": [
            "google_cloud_run_service.backend",
            "local_file.config_ini",
            "module.genai_cloudrun_service_account.google_billing_account_iam_member.billing_user",
            "module.genai_cloudrun_service_account.google_organization_iam_member.billing_user",
            "module.genai_cloudrun_service_account.google_organization_iam_member.organization_viewer",
            "module.genai_cloudrun_service_account.google_organization_iam_member.xpn_admin",
            "module.genai_cloudrun_service_account.google_project_iam_member.project-roles",
            "module.genai_cloudrun_service_account.google_service_account.service_accounts",
            "module.genai_cloudrun_service_account.google_service_account_key.keys",
            "module.project_services.data.google_compute_default_service_account.default",
            "module.project_services.google_project_iam_member.project_service_identity_roles",
            "module.project_services.google_project_service.project_services",
            "module.project_services.google_project_service_identity.project_service_identities",
            "null_resource.org_policy_temp"
          ]
        }
      ]
    },
    {
      "mode": "managed",
      "type": "google_firebase_project",
      "name": "default",
      "provider": "provider[\"registry.terraform.io/hashicorp/google-beta\"]",
      "instances": [
        {
          "status": "tainted",
          "schema_version": 0,
          "attributes": {
            "display_name": "Scoping-project",
            "id": "projects/scoping-project-350008",
            "project": "scoping-project-350008",
            "project_number": "8284261536",
            "timeouts": null
          },
          "sensitive_attributes": [],
          "private": "eyJlMmJmYjczMC1lY2FhLTExZTYtOGY4OC0zNDM2M2JjN2M0YzAiOnsiY3JlYXRlIjoxMjAwMDAwMDAwMDAwLCJkZWxldGUiOjEyMDAwMDAwMDAwMDB9fQ=="
        }
      ]
    },
    {
      "mode": "managed",
      "type": "google_firebase_web_app",
      "name": "app_frontend",
      "provider": "provider[\"registry.terraform.io/hashicorp/google-beta\"]",
      "instances": [
        {
          "schema_version": 0,
          "attributes": {
            "api_key_id": "a21d0d37-0d0f-41d3-bbdc-8ce125042d65",
            "app_id": "1:8284261536:web:3b1318debffa365d324dc5",
            "app_urls": [],
            "deletion_policy": "DELETE",
            "display_name": "opendataqna-test-1",
            "id": "projects/scoping-project-350008/webApps/1:8284261536:web:3b1318debffa365d324dc5",
            "name": "projects/scoping-project-350008/webApps/1:8284261536:web:3b1318debffa365d324dc5",
            "project": "scoping-project-350008",
            "timeouts": null
          },
          "sensitive_attributes": [],
          "private": "eyJlMmJmYjczMC1lY2FhLTExZTYtOGY4OC0zNDM2M2JjN2M0YzAiOnsiY3JlYXRlIjoxMjAwMDAwMDAwMDAwLCJkZWxldGUiOjEyMDAwMDAwMDAwMDAsInVwZGF0ZSI6MTIwMDAwMDAwMDAwMH19"
        }
      ]
    },
    {
      "mode": "managed",
      "type": "google_firestore_database",
      "name": "chathistory_db",
      "provider": "provider[\"registry.terraform.io/hashicorp/google\"]",
      "instances": [
        {
          "schema_version": 0,
          "attributes": {
            "app_engine_integration_mode": "DISABLED",
            "concurrency_mode": "PESSIMISTIC",
            "create_time": "",
            "delete_protection_state": "DELETE_PROTECTION_DISABLED",
            "deletion_policy": "ABANDON",
            "earliest_version_time": "2024-08-07T20:01:36.684077Z",
            "etag": "IOPu/7nj44cDMO7M9evX4IcD",
            "id": "projects/scoping-project-350008/databases/opendataqna-session-logs",
            "key_prefix": "",
            "location_id": "us-central1",
            "name": "opendataqna-session-logs",
            "point_in_time_recovery_enablement": "POINT_IN_TIME_RECOVERY_DISABLED",
            "project": "scoping-project-350008",
            "timeouts": null,
            "type": "FIRESTORE_NATIVE",
            "uid": "7c3ccec1-a918-4147-98ad-b9773ceec9c4",
            "update_time": "",
            "version_retention_period": "3600s"
          },
          "sensitive_attributes": [],
          "private": "eyJlMmJmYjczMC1lY2FhLTExZTYtOGY4OC0zNDM2M2JjN2M0YzAiOnsiY3JlYXRlIjoxMjAwMDAwMDAwMDAwLCJkZWxldGUiOjEyMDAwMDAwMDAwMDAsInVwZGF0ZSI6MTIwMDAwMDAwMDAwMH19",
          "dependencies": [
            "module.project_services.data.google_compute_default_service_account.default",
            "module.project_services.google_project_iam_member.project_service_identity_roles",
            "module.project_services.google_project_service.project_services",
            "module.project_services.google_project_service_identity.project_service_identities"
          ]
        }
      ]
    },
    {
      "mode": "managed",
      "type": "google_project_iam_member",
      "name": "default_ce_sa_role",
      "provider": "provider[\"registry.terraform.io/hashicorp/google\"]",
      "instances": [
        {
          "index_key": "roles/artifactregistry.admin",
          "schema_version": 0,
          "attributes": {
            "condition": [],
            "etag": "BwYe9Yhh1ls=",
            "id": "scoping-project-350008/roles/artifactregistry.admin/serviceAccount:8284261536-compute@developer.gserviceaccount.com",
            "member": "serviceAccount:8284261536-compute@developer.gserviceaccount.com",
            "project": "scoping-project-350008",
            "role": "roles/artifactregistry.admin"
          },
          "sensitive_attributes": [],
          "private": "bnVsbA==",
          "dependencies": [
            "data.google_project.project",
            "module.project_services.data.google_compute_default_service_account.default",
            "module.project_services.google_project_iam_member.project_service_identity_roles",
            "module.project_services.google_project_service.project_services",
            "module.project_services.google_project_service_identity.project_service_identities"
          ]
        },
        {
          "index_key": "roles/cloudbuild.builds.builder",
          "schema_version": 0,
          "attributes": {
            "condition": [],
            "etag": "BwYe9Yhh1ls=",
            "id": "scoping-project-350008/roles/cloudbuild.builds.builder/serviceAccount:8284261536-compute@developer.gserviceaccount.com",
            "member": "serviceAccount:8284261536-compute@developer.gserviceaccount.com",
            "project": "scoping-project-350008",
            "role": "roles/cloudbuild.builds.builder"
          },
          "sensitive_attributes": [],
          "private": "bnVsbA==",
          "dependencies": [
            "data.google_project.project",
            "module.project_services.data.google_compute_default_service_account.default",
            "module.project_services.google_project_iam_member.project_service_identity_roles",
            "module.project_services.google_project_service.project_services",
            "module.project_services.google_project_service_identity.project_service_identities"
          ]
        },
        {
          "index_key": "roles/firebase.admin",
          "schema_version": 0,
          "attributes": {
            "condition": [],
            "etag": "BwYe9Yhh1ls=",
            "id": "scoping-project-350008/roles/firebase.admin/serviceAccount:8284261536-compute@developer.gserviceaccount.com",
            "member": "serviceAccount:8284261536-compute@developer.gserviceaccount.com",
            "project": "scoping-project-350008",
            "role": "roles/firebase.admin"
          },
          "sensitive_attributes": [],
          "private": "bnVsbA==",
          "dependencies": [
            "data.google_project.project",
            "module.project_services.data.google_compute_default_service_account.default",
            "module.project_services.google_project_iam_member.project_service_identity_roles",
            "module.project_services.google_project_service.project_services",
            "module.project_services.google_project_service_identity.project_service_identities"
          ]
        },
        {
          "index_key": "roles/logging.logWriter",
          "schema_version": 0,
          "attributes": {
            "condition": [],
            "etag": "BwYe9Yhh1ls=",
            "id": "scoping-project-350008/roles/logging.logWriter/serviceAccount:8284261536-compute@developer.gserviceaccount.com",
            "member": "serviceAccount:8284261536-compute@developer.gserviceaccount.com",
            "project": "scoping-project-350008",
            "role": "roles/logging.logWriter"
          },
          "sensitive_attributes": [],
          "private": "bnVsbA==",
          "dependencies": [
            "data.google_project.project",
            "module.project_services.data.google_compute_default_service_account.default",
            "module.project_services.google_project_iam_member.project_service_identity_roles",
            "module.project_services.google_project_service.project_services",
            "module.project_services.google_project_service_identity.project_service_identities"
          ]
        },
        {
          "index_key": "roles/storage.admin",
          "schema_version": 0,
          "attributes": {
            "condition": [],
            "etag": "BwYe9Yhh1ls=",
            "id": "scoping-project-350008/roles/storage.admin/serviceAccount:8284261536-compute@developer.gserviceaccount.com",
            "member": "serviceAccount:8284261536-compute@developer.gserviceaccount.com",
            "project": "scoping-project-350008",
            "role": "roles/storage.admin"
          },
          "sensitive_attributes": [],
          "private": "bnVsbA==",
          "dependencies": [
            "data.google_project.project",
            "module.project_services.data.google_compute_default_service_account.default",
            "module.project_services.google_project_iam_member.project_service_identity_roles",
            "module.project_services.google_project_service.project_services",
            "module.project_services.google_project_service_identity.project_service_identities"
          ]
        }
      ]
    },
    {
      "mode": "managed",
      "type": "google_project_iam_member",
      "name": "default_cloudbuild_sa_role",
      "provider": "provider[\"registry.terraform.io/hashicorp/google\"]",
      "instances": [
        {
          "index_key": "roles/artifactregistry.admin",
          "schema_version": 0,
          "attributes": {
            "condition": [],
            "etag": "BwYe9Yhh1ls=",
            "id": "scoping-project-350008/roles/artifactregistry.admin/serviceAccount:8284261536@cloudbuild.gserviceaccount.com",
            "member": "serviceAccount:8284261536@cloudbuild.gserviceaccount.com",
            "project": "scoping-project-350008",
            "role": "roles/artifactregistry.admin"
          },
          "sensitive_attributes": [],
          "private": "bnVsbA==",
          "dependencies": [
            "data.google_project.project",
            "module.project_services.data.google_compute_default_service_account.default",
            "module.project_services.google_project_iam_member.project_service_identity_roles",
            "module.project_services.google_project_service.project_services",
            "module.project_services.google_project_service_identity.project_service_identities"
          ]
        },
        {
          "index_key": "roles/cloudbuild.builds.builder",
          "schema_version": 0,
          "attributes": {
            "condition": [],
            "etag": "BwYe9Yhh1ls=",
            "id": "scoping-project-350008/roles/cloudbuild.builds.builder/serviceAccount:8284261536@cloudbuild.gserviceaccount.com",
            "member": "serviceAccount:8284261536@cloudbuild.gserviceaccount.com",
            "project": "scoping-project-350008",
            "role": "roles/cloudbuild.builds.builder"
          },
          "sensitive_attributes": [],
          "private": "bnVsbA==",
          "dependencies": [
            "data.google_project.project",
            "module.project_services.data.google_compute_default_service_account.default",
            "module.project_services.google_project_iam_member.project_service_identity_roles",
            "module.project_services.google_project_service.project_services",
            "module.project_services.google_project_service_identity.project_service_identities"
          ]
        },
        {
          "index_key": "roles/firebase.admin",
          "schema_version": 0,
          "attributes": {
            "condition": [],
            "etag": "BwYe9Yhh1ls=",
            "id": "scoping-project-350008/roles/firebase.admin/serviceAccount:8284261536@cloudbuild.gserviceaccount.com",
            "member": "serviceAccount:8284261536@cloudbuild.gserviceaccount.com",
            "project": "scoping-project-350008",
            "role": "roles/firebase.admin"
          },
          "sensitive_attributes": [],
          "private": "bnVsbA==",
          "dependencies": [
            "data.google_project.project",
            "module.project_services.data.google_compute_default_service_account.default",
            "module.project_services.google_project_iam_member.project_service_identity_roles",
            "module.project_services.google_project_service.project_services",
            "module.project_services.google_project_service_identity.project_service_identities"
          ]
        },
        {
          "index_key": "roles/serviceusage.apiKeysAdmin",
          "schema_version": 0,
          "attributes": {
            "condition": [],
            "etag": "BwYe9Yhh1ls=",
            "id": "scoping-project-350008/roles/serviceusage.apiKeysAdmin/serviceAccount:8284261536@cloudbuild.gserviceaccount.com",
            "member": "serviceAccount:8284261536@cloudbuild.gserviceaccount.com",
            "project": "scoping-project-350008",
            "role": "roles/serviceusage.apiKeysAdmin"
          },
          "sensitive_attributes": [],
          "private": "bnVsbA==",
          "dependencies": [
            "data.google_project.project",
            "module.project_services.data.google_compute_default_service_account.default",
            "module.project_services.google_project_iam_member.project_service_identity_roles",
            "module.project_services.google_project_service.project_services",
            "module.project_services.google_project_service_identity.project_service_identities"
          ]
        }
      ]
    },
    {
      "mode": "managed",
      "type": "local_file",
      "name": "config_ini",
      "provider": "provider[\"registry.terraform.io/hashicorp/local\"]",
      "instances": [
        {
          "schema_version": 0,
          "attributes": {
            "content": "[CONFIG]\nembedding_model = vertex\ndescription_model = gemini-1.5-pro\nvector_store = bigquery-vector\ndebugging = yes\nlogging = yes\nkgq_examples = yes\nfirestore_region = us-central1\nuse_column_samples = yes\n\n[GCP]\nproject_id = scoping-project-350008\n\n[PGCLOUDSQL]\npg_region = us-central1\npg_instance = pg15-opendataqna-2\npg_database = opendataqna-db-2\npg_user = pguser2\npg_password = Pguser@!12345\n\n[BIGQUERY]\nbq_dataset_region = us-central1\nbq_opendataqna_dataset_name = opendataqna2\nbq_log_table_name = audit_log_table\n\n\n\n\n",
            "content_base64": null,
            "content_base64sha256": "MHcvCDxBUnrFwup7DHzPNs88zT9oLHnqThGgS5OImTU=",
            "content_base64sha512": "EYaSgheN72tteb43aR3xAZrg4ZBK7kC3epv4mBahU6VNrwnIOfjU8iGZR5qf8Hui6as2hjHS8s2ActY2u38iig==",
            "content_md5": "f05f565f4792776162f866d40e694c5e",
            "content_sha1": "430c7da61a2b3f1fde09182387667341ec65248c",
            "content_sha256": "30772f083c41527ac5c2ea7b0c7ccf36cf3ccd3f682c79ea4e11a04b93889935",
            "content_sha512": "11869282178def6b6d79be37691df1019ae0e1904aee40b77a9bf89816a153a54daf09c839f8d4f22199479a9ff07ba2e9ab368631d2f2cd8072d636bb7f228a",
            "directory_permission": "0777",
            "file_permission": "0777",
            "filename": "../config.ini",
            "id": "430c7da61a2b3f1fde09182387667341ec65248c",
            "sensitive_content": null,
            "source": null
          },
          "sensitive_attributes": [
            [
              {
                "type": "get_attr",
                "value": "sensitive_content"
              }
            ]
          ]
        }
      ]
    },
    {
      "mode": "managed",
      "type": "local_file",
      "name": "constants_ts",
      "provider": "provider[\"registry.terraform.io/hashicorp/local\"]",
      "instances": [
        {
          "schema_version": 0,
          "attributes": {
            "content": "export const firebaseConfig = {\n  \"projectId\": \"scoping-project-350008\",\n  \"appId\": \"1:8284261536:web:3b1318debffa365d324dc5\",\n  \"storageBucket\": \"scoping-project-350008.appspot.com\",\n  \"apiKey\": \"AIzaSyA5Y6qRu5OrQJT4mR7EUt00uSao4dyuoCw\",\n  \"authDomain\": \"scoping-project-350008.firebaseapp.com\",\n  \"messagingSenderId\": \"8284261536\"\n};\nexport const ENDPOINT_OPENDATAQNA = 'https://opendataqna-test-1-74hgdr2fja-uc.a.run.app'\n\nexport const FIRESTORE_DATABASE_ID = 'opendataqna-session-logs'\n",
            "content_base64": null,
            "content_base64sha256": "p/TpRPpsPtDfo5bgfpMiCK/d6HLCqZQWcs2T6GoDmmw=",
            "content_base64sha512": "XpoOPHWL5SuI4fZr+lpC0GD8H8iHtGwbJmSoAZH1C3fYPSr/ej7SsKTWRhj6LHcjUCSLbBdrfrADT+ltwXbXfQ==",
            "content_md5": "999cb0f3a2f57c9e440bcde0637058d3",
            "content_sha1": "df775bdb439f5ec407df07ba36ac926d6caed0d2",
            "content_sha256": "a7f4e944fa6c3ed0dfa396e07e932208afdde872c2a9941672cd93e86a039a6c",
            "content_sha512": "5e9a0e3c758be52b88e1f66bfa5a42d060fc1fc887b46c1b2664a80191f50b77d83d2aff7a3ed2b0a4d64618fa2c772350248b6c176b7eb0034fe96dc176d77d",
            "directory_permission": "0777",
            "file_permission": "0777",
            "filename": "../frontend/output_constants/constants.ts",
            "id": "df775bdb439f5ec407df07ba36ac926d6caed0d2",
            "sensitive_content": null,
            "source": null
          },
          "sensitive_attributes": [
            [
              {
                "type": "get_attr",
                "value": "sensitive_content"
              }
            ]
          ],
          "dependencies": [
            "data.google_firebase_web_app_config.app_frontend_config",
            "google_cloud_run_service.backend",
            "google_firebase_web_app.app_frontend",
            "local_file.config_ini",
            "module.genai_cloudrun_service_account.google_billing_account_iam_member.billing_user",
            "module.genai_cloudrun_service_account.google_organization_iam_member.billing_user",
            "module.genai_cloudrun_service_account.google_organization_iam_member.organization_viewer",
            "module.genai_cloudrun_service_account.google_organization_iam_member.xpn_admin",
            "module.genai_cloudrun_service_account.google_project_iam_member.project-roles",
            "module.genai_cloudrun_service_account.google_service_account.service_accounts",
            "module.genai_cloudrun_service_account.google_service_account_key.keys",
            "module.project_services.data.google_compute_default_service_account.default",
            "module.project_services.google_project_iam_member.project_service_identity_roles",
            "module.project_services.google_project_service.project_services",
            "module.project_services.google_project_service_identity.project_service_identities",
            "null_resource.org_policy_temp"
          ]
        }
      ]
    },
    {
      "mode": "managed",
      "type": "null_resource",
      "name": "create_and_store_embeddings",
      "provider": "provider[\"registry.terraform.io/hashicorp/null\"]",
      "instances": [
        {
          "schema_version": 0,
          "attributes": {
            "id": "5066869356854815957",
            "triggers": {
              "always_run": "2024-08-07T21:02:46Z"
            }
          },
          "sensitive_attributes": [],
          "dependencies": [
            "local_file.config_ini",
            "module.bigquery.google_bigquery_dataset.main",
            "module.bigquery.google_bigquery_routine.routine",
            "module.bigquery.google_bigquery_table.external_table",
            "module.bigquery.google_bigquery_table.main",
            "module.bigquery.google_bigquery_table.materialized_view",
            "module.bigquery.google_bigquery_table.view",
            "module.project_services.data.google_compute_default_service_account.default",
            "module.project_services.google_project_iam_member.project_service_identity_roles",
            "module.project_services.google_project_service.project_services",
            "module.project_services.google_project_service_identity.project_service_identities",
            "null_resource.install_dependencies"
          ]
        }
      ]
    },
    {
      "mode": "managed",
      "type": "null_resource",
      "name": "install_dependencies",
      "provider": "provider[\"registry.terraform.io/hashicorp/null\"]",
      "instances": [
        {
          "schema_version": 0,
          "attributes": {
            "id": "432497019164834721",
            "triggers": {
              "always_run": "2024-08-07T21:02:17Z"
            }
          },
          "sensitive_attributes": []
        }
      ]
    },
    {
      "mode": "managed",
      "type": "null_resource",
      "name": "org_policy_temp",
      "provider": "provider[\"registry.terraform.io/hashicorp/null\"]",
      "instances": [
        {
          "schema_version": 0,
          "attributes": {
            "id": "1410896884211302398",
            "triggers": null
          },
          "sensitive_attributes": [],
          "dependencies": [
            "module.project_services.data.google_compute_default_service_account.default",
            "module.project_services.google_project_iam_member.project_service_identity_roles",
            "module.project_services.google_project_service.project_services",
            "module.project_services.google_project_service_identity.project_service_identities"
          ]
        }
      ]
    },
    {
      "module": "module.bigquery",
      "mode": "managed",
      "type": "google_bigquery_dataset",
      "name": "main",
      "provider": "provider[\"registry.terraform.io/hashicorp/google\"]",
      "instances": [
        {
          "schema_version": 0,
          "attributes": {
            "access": [
              {
                "dataset": [],
                "domain": "",
                "group_by_email": "",
                "iam_member": "",
                "role": "OWNER",
                "routine": [],
                "special_group": "projectOwners",
                "user_by_email": "",
                "view": []
              }
            ],
            "creation_time": 1722869926635,
            "dataset_id": "opendataqna2",
            "default_collation": "",
            "default_encryption_configuration": [],
            "default_partition_expiration_ms": 0,
            "default_table_expiration_ms": 0,
            "delete_contents_on_destroy": false,
            "description": "",
            "effective_labels": {},
            "etag": "cPcI5dQopkOKMSyhgYpaFg==",
            "external_dataset_reference": [],
            "friendly_name": "opendataqna2",
            "id": "projects/scoping-project-350008/datasets/opendataqna2",
            "is_case_insensitive": false,
            "labels": {},
            "last_modified_time": 1722869926635,
            "location": "us-central1",
            "max_time_travel_hours": "",
            "project": "scoping-project-350008",
            "resource_tags": {},
            "self_link": "https://bigquery.googleapis.com/bigquery/v2/projects/scoping-project-350008/datasets/opendataqna2",
            "storage_billing_model": "",
            "terraform_labels": {},
            "timeouts": null
          },
          "sensitive_attributes": [],
          "private": "eyJlMmJmYjczMC1lY2FhLTExZTYtOGY4OC0zNDM2M2JjN2M0YzAiOnsiY3JlYXRlIjoxMjAwMDAwMDAwMDAwLCJkZWxldGUiOjEyMDAwMDAwMDAwMDAsInVwZGF0ZSI6MTIwMDAwMDAwMDAwMH19",
          "dependencies": [
            "module.project_services.data.google_compute_default_service_account.default",
            "module.project_services.google_project_iam_member.project_service_identity_roles",
            "module.project_services.google_project_service.project_services",
            "module.project_services.google_project_service_identity.project_service_identities"
          ]
        }
      ]
    },
    {
      "module": "module.bigquery",
      "mode": "managed",
      "type": "google_bigquery_routine",
      "name": "routine",
      "provider": "provider[\"registry.terraform.io/hashicorp/google\"]",
      "instances": []
    },
    {
      "module": "module.bigquery",
      "mode": "managed",
      "type": "google_bigquery_table",
      "name": "external_table",
      "provider": "provider[\"registry.terraform.io/hashicorp/google\"]",
      "instances": []
    },
    {
      "module": "module.bigquery",
      "mode": "managed",
      "type": "google_bigquery_table",
      "name": "main",
      "provider": "provider[\"registry.terraform.io/hashicorp/google\"]",
      "instances": [
        {
          "index_key": "audit_log_table",
          "schema_version": 0,
          "attributes": {
            "allow_resource_tags_on_deletion": false,
            "clustering": [],
            "creation_time": 1723064539214,
            "dataset_id": "opendataqna2",
            "deletion_protection": false,
            "description": "",
            "effective_labels": {},
            "encryption_configuration": [],
            "etag": "fbd8pi0Qs2cbXdGkWE/vpg==",
            "expiration_time": 0,
            "external_data_configuration": [],
            "friendly_name": "audit_log_table",
            "id": "projects/scoping-project-350008/datasets/opendataqna2/tables/audit_log_table",
            "labels": null,
            "last_modified_time": 1723064539304,
            "location": "us-central1",
            "materialized_view": [],
            "max_staleness": "",
            "num_bytes": 0,
            "num_long_term_bytes": 0,
            "num_rows": 0,
            "project": "scoping-project-350008",
            "range_partitioning": [],
            "require_partition_filter": false,
            "resource_tags": null,
            "schema": "[{\"mode\":\"NULLABLE\",\"name\":\"source_type\",\"type\":\"STRING\"},{\"mode\":\"NULLABLE\",\"name\":\"project_id\",\"type\":\"STRING\"},{\"mode\":\"NULLABLE\",\"name\":\"user\",\"type\":\"STRING\"},{\"mode\":\"NULLABLE\",\"name\":\"schema\",\"type\":\"STRING\"},{\"mode\":\"NULLABLE\",\"name\":\"model_used\",\"type\":\"STRING\"},{\"mode\":\"NULLABLE\",\"name\":\"question\",\"type\":\"STRING\"},{\"mode\":\"NULLABLE\",\"name\":\"generated_sql\",\"type\":\"STRING\"},{\"mode\":\"NULLABLE\",\"name\":\"found_in_vector\",\"type\":\"STRING\"},{\"mode\":\"NULLABLE\",\"name\":\"need_rewrite\",\"type\":\"STRING\"},{\"mode\":\"NULLABLE\",\"name\":\"failure_step\",\"type\":\"STRING\"},{\"mode\":\"NULLABLE\",\"name\":\"error_msg\",\"type\":\"STRING\"},{\"mode\":\"NULLABLE\",\"name\":\"execution_time\",\"type\":\"TIMESTAMP\"},{\"mode\":\"NULLABLE\",\"name\":\"full_log\",\"type\":\"STRING\"}]",
            "self_link": "https://bigquery.googleapis.com/bigquery/v2/projects/scoping-project-350008/datasets/opendataqna2/tables/audit_log_table",
            "table_constraints": [],
            "table_id": "audit_log_table",
            "table_replication_info": [],
            "terraform_labels": {},
            "time_partitioning": [],
            "type": "TABLE",
            "view": []
          },
          "sensitive_attributes": [],
          "private": "bnVsbA==",
          "dependencies": [
            "module.bigquery.google_bigquery_dataset.main",
            "module.project_services.data.google_compute_default_service_account.default",
            "module.project_services.google_project_iam_member.project_service_identity_roles",
            "module.project_services.google_project_service.project_services",
            "module.project_services.google_project_service_identity.project_service_identities"
          ]
        },
        {
          "index_key": "example_prompt_sql_embeddings",
          "schema_version": 0,
          "attributes": {
            "allow_resource_tags_on_deletion": false,
            "clustering": [],
            "creation_time": 1723064539146,
            "dataset_id": "opendataqna2",
            "deletion_protection": false,
            "description": "",
            "effective_labels": {},
            "encryption_configuration": [],
            "etag": "bMHWu+Bk4JqZVibaDwXmAA==",
            "expiration_time": 0,
            "external_data_configuration": [],
            "friendly_name": "example_prompt_sql_embeddings",
            "id": "projects/scoping-project-350008/datasets/opendataqna2/tables/example_prompt_sql_embeddings",
            "labels": null,
            "last_modified_time": 1723064539228,
            "location": "us-central1",
            "materialized_view": [],
            "max_staleness": "",
            "num_bytes": 0,
            "num_long_term_bytes": 0,
            "num_rows": 0,
            "project": "scoping-project-350008",
            "range_partitioning": [],
            "require_partition_filter": false,
            "resource_tags": null,
            "schema": "[{\"mode\":\"REQUIRED\",\"name\":\"user_grouping\",\"type\":\"STRING\"},{\"mode\":\"REQUIRED\",\"name\":\"example_user_question\",\"type\":\"STRING\"},{\"mode\":\"REQUIRED\",\"name\":\"example_generated_sql\",\"type\":\"STRING\"},{\"mode\":\"REPEATED\",\"name\":\"embedding\",\"type\":\"FLOAT\"}]",
            "self_link": "https://bigquery.googleapis.com/bigquery/v2/projects/scoping-project-350008/datasets/opendataqna2/tables/example_prompt_sql_embeddings",
            "table_constraints": [],
            "table_id": "example_prompt_sql_embeddings",
            "table_replication_info": [],
            "terraform_labels": {},
            "time_partitioning": [],
            "type": "TABLE",
            "view": []
          },
          "sensitive_attributes": [],
          "private": "bnVsbA==",
          "dependencies": [
            "module.bigquery.google_bigquery_dataset.main",
            "module.project_services.data.google_compute_default_service_account.default",
            "module.project_services.google_project_iam_member.project_service_identity_roles",
            "module.project_services.google_project_service.project_services",
            "module.project_services.google_project_service_identity.project_service_identities"
          ]
        },
        {
          "index_key": "table_details_embeddings",
          "schema_version": 0,
          "attributes": {
            "allow_resource_tags_on_deletion": false,
            "clustering": [],
            "creation_time": 1723064539164,
            "dataset_id": "opendataqna2",
            "deletion_protection": false,
            "description": "",
            "effective_labels": {},
            "encryption_configuration": [],
            "etag": "I02rvVtrjRTgQhlFYDAcaw==",
            "expiration_time": 0,
            "external_data_configuration": [],
            "friendly_name": "table_details_embeddings",
            "id": "projects/scoping-project-350008/datasets/opendataqna2/tables/table_details_embeddings",
            "labels": null,
            "last_modified_time": 1723064539243,
            "location": "us-central1",
            "materialized_view": [],
            "max_staleness": "",
            "num_bytes": 0,
            "num_long_term_bytes": 0,
            "num_rows": 0,
            "project": "scoping-project-350008",
            "range_partitioning": [],
            "require_partition_filter": false,
            "resource_tags": null,
            "schema": "[{\"mode\":\"REQUIRED\",\"name\":\"source_type\",\"type\":\"STRING\"},{\"mode\":\"REQUIRED\",\"name\":\"user_grouping\",\"type\":\"STRING\"},{\"mode\":\"REQUIRED\",\"name\":\"table_schema\",\"type\":\"STRING\"},{\"mode\":\"REQUIRED\",\"name\":\"table_name\",\"type\":\"STRING\"},{\"name\":\"content\",\"type\":\"STRING\"},{\"mode\":\"REPEATED\",\"name\":\"embedding\",\"type\":\"FLOAT\"}]",
            "self_link": "https://bigquery.googleapis.com/bigquery/v2/projects/scoping-project-350008/datasets/opendataqna2/tables/table_details_embeddings",
            "table_constraints": [],
            "table_id": "table_details_embeddings",
            "table_replication_info": [],
            "terraform_labels": {},
            "time_partitioning": [],
            "type": "TABLE",
            "view": []
          },
          "sensitive_attributes": [],
          "private": "bnVsbA==",
          "dependencies": [
            "module.bigquery.google_bigquery_dataset.main",
            "module.project_services.data.google_compute_default_service_account.default",
            "module.project_services.google_project_iam_member.project_service_identity_roles",
            "module.project_services.google_project_service.project_services",
            "module.project_services.google_project_service_identity.project_service_identities"
          ]
        },
        {
          "index_key": "tablecolumn_details_embeddings",
          "schema_version": 0,
          "attributes": {
            "allow_resource_tags_on_deletion": false,
            "clustering": [],
            "creation_time": 1723064539303,
            "dataset_id": "opendataqna2",
            "deletion_protection": false,
            "description": "",
            "effective_labels": {},
            "encryption_configuration": [],
            "etag": "s4iOHdVtNANlMroy4Umwsg==",
            "expiration_time": 0,
            "external_data_configuration": [],
            "friendly_name": "tablecolumn_details_embeddings",
            "id": "projects/scoping-project-350008/datasets/opendataqna2/tables/tablecolumn_details_embeddings",
            "labels": null,
            "last_modified_time": 1723064539363,
            "location": "us-central1",
            "materialized_view": [],
            "max_staleness": "",
            "num_bytes": 0,
            "num_long_term_bytes": 0,
            "num_rows": 0,
            "project": "scoping-project-350008",
            "range_partitioning": [],
            "require_partition_filter": false,
            "resource_tags": null,
            "schema": "[{\"mode\":\"REQUIRED\",\"name\":\"source_type\",\"type\":\"STRING\"},{\"mode\":\"REQUIRED\",\"name\":\"user_grouping\",\"type\":\"STRING\"},{\"mode\":\"REQUIRED\",\"name\":\"table_schema\",\"type\":\"STRING\"},{\"mode\":\"REQUIRED\",\"name\":\"table_name\",\"type\":\"STRING\"},{\"mode\":\"REQUIRED\",\"name\":\"column_name\",\"type\":\"STRING\"},{\"name\":\"content\",\"type\":\"STRING\"},{\"mode\":\"REPEATED\",\"name\":\"embedding\",\"type\":\"FLOAT\"}]",
            "self_link": "https://bigquery.googleapis.com/bigquery/v2/projects/scoping-project-350008/datasets/opendataqna2/tables/tablecolumn_details_embeddings",
            "table_constraints": [],
            "table_id": "tablecolumn_details_embeddings",
            "table_replication_info": [],
            "terraform_labels": {},
            "time_partitioning": [],
            "type": "TABLE",
            "view": []
          },
          "sensitive_attributes": [],
          "private": "bnVsbA==",
          "dependencies": [
            "module.bigquery.google_bigquery_dataset.main",
            "module.project_services.data.google_compute_default_service_account.default",
            "module.project_services.google_project_iam_member.project_service_identity_roles",
            "module.project_services.google_project_service.project_services",
            "module.project_services.google_project_service_identity.project_service_identities"
          ]
        }
      ]
    },
    {
      "module": "module.bigquery",
      "mode": "managed",
      "type": "google_bigquery_table",
      "name": "view",
      "provider": "provider[\"registry.terraform.io/hashicorp/google\"]",
      "instances": []
    },
    {
      "module": "module.genai_cloudrun_service_account",
      "mode": "managed",
      "type": "google_project_iam_member",
      "name": "project-roles",
      "provider": "provider[\"registry.terraform.io/hashicorp/google\"]",
      "instances": [
        {
          "index_key": "opendataqna-sa-scoping-project-350008=\u003eroles/aiplatform.user",
          "schema_version": 0,
          "attributes": {
            "condition": [],
            "etag": "BwYe9Yhh1ls=",
            "id": "scoping-project-350008/roles/aiplatform.user/serviceAccount:opendataqna-sa@scoping-project-350008.iam.gserviceaccount.com",
            "member": "serviceAccount:opendataqna-sa@scoping-project-350008.iam.gserviceaccount.com",
            "project": "scoping-project-350008",
            "role": "roles/aiplatform.user"
          },
          "sensitive_attributes": [],
          "private": "bnVsbA==",
          "dependencies": [
            "module.genai_cloudrun_service_account.google_service_account.service_accounts",
            "module.project_services.data.google_compute_default_service_account.default",
            "module.project_services.google_project_iam_member.project_service_identity_roles",
            "module.project_services.google_project_service.project_services",
            "module.project_services.google_project_service_identity.project_service_identities"
          ]
        },
        {
          "index_key": "opendataqna-sa-scoping-project-350008=\u003eroles/bigquery.admin",
          "schema_version": 0,
          "attributes": {
            "condition": [],
            "etag": "BwYe9Yhh1ls=",
            "id": "scoping-project-350008/roles/bigquery.admin/serviceAccount:opendataqna-sa@scoping-project-350008.iam.gserviceaccount.com",
            "member": "serviceAccount:opendataqna-sa@scoping-project-350008.iam.gserviceaccount.com",
            "project": "scoping-project-350008",
            "role": "roles/bigquery.admin"
          },
          "sensitive_attributes": [],
          "private": "bnVsbA==",
          "dependencies": [
            "module.genai_cloudrun_service_account.google_service_account.service_accounts",
            "module.project_services.data.google_compute_default_service_account.default",
            "module.project_services.google_project_iam_member.project_service_identity_roles",
            "module.project_services.google_project_service.project_services",
            "module.project_services.google_project_service_identity.project_service_identities"
          ]
        },
        {
          "index_key": "opendataqna-sa-scoping-project-350008=\u003eroles/cloudsql.client",
          "schema_version": 0,
          "attributes": {
            "condition": [],
            "etag": "BwYe9Yhh1ls=",
            "id": "scoping-project-350008/roles/cloudsql.client/serviceAccount:opendataqna-sa@scoping-project-350008.iam.gserviceaccount.com",
            "member": "serviceAccount:opendataqna-sa@scoping-project-350008.iam.gserviceaccount.com",
            "project": "scoping-project-350008",
            "role": "roles/cloudsql.client"
          },
          "sensitive_attributes": [],
          "private": "bnVsbA==",
          "dependencies": [
            "module.genai_cloudrun_service_account.google_service_account.service_accounts",
            "module.project_services.data.google_compute_default_service_account.default",
            "module.project_services.google_project_iam_member.project_service_identity_roles",
            "module.project_services.google_project_service.project_services",
            "module.project_services.google_project_service_identity.project_service_identities"
          ]
        },
        {
          "index_key": "opendataqna-sa-scoping-project-350008=\u003eroles/datastore.owner",
          "schema_version": 0,
          "attributes": {
            "condition": [],
            "etag": "BwYe9Yhh1ls=",
            "id": "scoping-project-350008/roles/datastore.owner/serviceAccount:opendataqna-sa@scoping-project-350008.iam.gserviceaccount.com",
            "member": "serviceAccount:opendataqna-sa@scoping-project-350008.iam.gserviceaccount.com",
            "project": "scoping-project-350008",
            "role": "roles/datastore.owner"
          },
          "sensitive_attributes": [],
          "private": "bnVsbA==",
          "dependencies": [
            "module.genai_cloudrun_service_account.google_service_account.service_accounts",
            "module.project_services.data.google_compute_default_service_account.default",
            "module.project_services.google_project_iam_member.project_service_identity_roles",
            "module.project_services.google_project_service.project_services",
            "module.project_services.google_project_service_identity.project_service_identities"
          ]
        }
      ]
    },
    {
      "module": "module.genai_cloudrun_service_account",
      "mode": "managed",
      "type": "google_service_account",
      "name": "service_accounts",
      "provider": "provider[\"registry.terraform.io/hashicorp/google\"]",
      "instances": [
        {
          "index_key": "opendataqna-sa",
          "schema_version": 0,
          "attributes": {
            "account_id": "opendataqna-sa",
            "create_ignore_already_exists": null,
            "description": "",
            "disabled": false,
            "display_name": "Terraform-managed service account",
            "email": "opendataqna-sa@scoping-project-350008.iam.gserviceaccount.com",
            "id": "projects/scoping-project-350008/serviceAccounts/opendataqna-sa@scoping-project-350008.iam.gserviceaccount.com",
            "member": "serviceAccount:opendataqna-sa@scoping-project-350008.iam.gserviceaccount.com",
            "name": "projects/scoping-project-350008/serviceAccounts/opendataqna-sa@scoping-project-350008.iam.gserviceaccount.com",
            "project": "scoping-project-350008",
            "timeouts": null,
            "unique_id": "109843356539767972511"
          },
          "sensitive_attributes": [],
          "private": "eyJlMmJmYjczMC1lY2FhLTExZTYtOGY4OC0zNDM2M2JjN2M0YzAiOnsiY3JlYXRlIjozMDAwMDAwMDAwMDB9fQ==",
          "dependencies": [
            "module.project_services.data.google_compute_default_service_account.default",
            "module.project_services.google_project_iam_member.project_service_identity_roles",
            "module.project_services.google_project_service.project_services",
            "module.project_services.google_project_service_identity.project_service_identities"
          ]
        }
      ]
    },
    {
      "module": "module.genai_cloudrun_service_account",
      "mode": "managed",
      "type": "google_service_account_key",
      "name": "keys",
      "provider": "provider[\"registry.terraform.io/hashicorp/google\"]",
      "instances": []
    },
    {
      "module": "module.project_services",
      "mode": "managed",
      "type": "google_project_service",
      "name": "project_services",
      "provider": "provider[\"registry.terraform.io/hashicorp/google\"]",
      "instances": [
        {
          "index_key": "aiplatform.googleapis.com",
          "schema_version": 0,
          "attributes": {
            "disable_dependent_services": true,
            "disable_on_destroy": false,
            "id": "scoping-project-350008/aiplatform.googleapis.com",
            "project": "scoping-project-350008",
            "service": "aiplatform.googleapis.com",
            "timeouts": null
          },
          "sensitive_attributes": [],
          "private": "eyJlMmJmYjczMC1lY2FhLTExZTYtOGY4OC0zNDM2M2JjN2M0YzAiOnsiY3JlYXRlIjoxMjAwMDAwMDAwMDAwLCJkZWxldGUiOjEyMDAwMDAwMDAwMDAsInJlYWQiOjYwMDAwMDAwMDAwMCwidXBkYXRlIjoxMjAwMDAwMDAwMDAwfX0="
        },
        {
          "index_key": "bigquery.googleapis.com",
          "schema_version": 0,
          "attributes": {
            "disable_dependent_services": true,
            "disable_on_destroy": false,
            "id": "scoping-project-350008/bigquery.googleapis.com",
            "project": "scoping-project-350008",
            "service": "bigquery.googleapis.com",
            "timeouts": null
          },
          "sensitive_attributes": [],
          "private": "eyJlMmJmYjczMC1lY2FhLTExZTYtOGY4OC0zNDM2M2JjN2M0YzAiOnsiY3JlYXRlIjoxMjAwMDAwMDAwMDAwLCJkZWxldGUiOjEyMDAwMDAwMDAwMDAsInJlYWQiOjYwMDAwMDAwMDAwMCwidXBkYXRlIjoxMjAwMDAwMDAwMDAwfX0="
        },
        {
          "index_key": "cloudapis.googleapis.com",
          "schema_version": 0,
          "attributes": {
            "disable_dependent_services": true,
            "disable_on_destroy": false,
            "id": "scoping-project-350008/cloudapis.googleapis.com",
            "project": "scoping-project-350008",
            "service": "cloudapis.googleapis.com",
            "timeouts": null
          },
          "sensitive_attributes": [],
          "private": "eyJlMmJmYjczMC1lY2FhLTExZTYtOGY4OC0zNDM2M2JjN2M0YzAiOnsiY3JlYXRlIjoxMjAwMDAwMDAwMDAwLCJkZWxldGUiOjEyMDAwMDAwMDAwMDAsInJlYWQiOjYwMDAwMDAwMDAwMCwidXBkYXRlIjoxMjAwMDAwMDAwMDAwfX0="
        },
        {
          "index_key": "cloudbuild.googleapis.com",
          "schema_version": 0,
          "attributes": {
            "disable_dependent_services": true,
            "disable_on_destroy": false,
            "id": "scoping-project-350008/cloudbuild.googleapis.com",
            "project": "scoping-project-350008",
            "service": "cloudbuild.googleapis.com",
            "timeouts": null
          },
          "sensitive_attributes": [],
          "private": "eyJlMmJmYjczMC1lY2FhLTExZTYtOGY4OC0zNDM2M2JjN2M0YzAiOnsiY3JlYXRlIjoxMjAwMDAwMDAwMDAwLCJkZWxldGUiOjEyMDAwMDAwMDAwMDAsInJlYWQiOjYwMDAwMDAwMDAwMCwidXBkYXRlIjoxMjAwMDAwMDAwMDAwfX0="
        },
        {
          "index_key": "cloudresourcemanager.googleapis.com",
          "schema_version": 0,
          "attributes": {
            "disable_dependent_services": true,
            "disable_on_destroy": false,
            "id": "scoping-project-350008/cloudresourcemanager.googleapis.com",
            "project": "scoping-project-350008",
            "service": "cloudresourcemanager.googleapis.com",
            "timeouts": null
          },
          "sensitive_attributes": [],
          "private": "eyJlMmJmYjczMC1lY2FhLTExZTYtOGY4OC0zNDM2M2JjN2M0YzAiOnsiY3JlYXRlIjoxMjAwMDAwMDAwMDAwLCJkZWxldGUiOjEyMDAwMDAwMDAwMDAsInJlYWQiOjYwMDAwMDAwMDAwMCwidXBkYXRlIjoxMjAwMDAwMDAwMDAwfX0="
        },
        {
          "index_key": "firebase.googleapis.com",
          "schema_version": 0,
          "attributes": {
            "disable_dependent_services": true,
            "disable_on_destroy": false,
            "id": "scoping-project-350008/firebase.googleapis.com",
            "project": "scoping-project-350008",
            "service": "firebase.googleapis.com",
            "timeouts": null
          },
          "sensitive_attributes": [],
          "private": "eyJlMmJmYjczMC1lY2FhLTExZTYtOGY4OC0zNDM2M2JjN2M0YzAiOnsiY3JlYXRlIjoxMjAwMDAwMDAwMDAwLCJkZWxldGUiOjEyMDAwMDAwMDAwMDAsInJlYWQiOjYwMDAwMDAwMDAwMCwidXBkYXRlIjoxMjAwMDAwMDAwMDAwfX0="
        },
        {
          "index_key": "firebasehosting.googleapis.com",
          "schema_version": 0,
          "attributes": {
            "disable_dependent_services": true,
            "disable_on_destroy": false,
            "id": "scoping-project-350008/firebasehosting.googleapis.com",
            "project": "scoping-project-350008",
            "service": "firebasehosting.googleapis.com",
            "timeouts": null
          },
          "sensitive_attributes": [],
          "private": "eyJlMmJmYjczMC1lY2FhLTExZTYtOGY4OC0zNDM2M2JjN2M0YzAiOnsiY3JlYXRlIjoxMjAwMDAwMDAwMDAwLCJkZWxldGUiOjEyMDAwMDAwMDAwMDAsInJlYWQiOjYwMDAwMDAwMDAwMCwidXBkYXRlIjoxMjAwMDAwMDAwMDAwfX0="
        },
        {
          "index_key": "firestore.googleapis.com",
          "schema_version": 0,
          "attributes": {
            "disable_dependent_services": true,
            "disable_on_destroy": false,
            "id": "scoping-project-350008/firestore.googleapis.com",
            "project": "scoping-project-350008",
            "service": "firestore.googleapis.com",
            "timeouts": null
          },
          "sensitive_attributes": [],
          "private": "eyJlMmJmYjczMC1lY2FhLTExZTYtOGY4OC0zNDM2M2JjN2M0YzAiOnsiY3JlYXRlIjoxMjAwMDAwMDAwMDAwLCJkZWxldGUiOjEyMDAwMDAwMDAwMDAsInJlYWQiOjYwMDAwMDAwMDAwMCwidXBkYXRlIjoxMjAwMDAwMDAwMDAwfX0="
        },
        {
          "index_key": "iam.googleapis.com",
          "schema_version": 0,
          "attributes": {
            "disable_dependent_services": true,
            "disable_on_destroy": false,
            "id": "scoping-project-350008/iam.googleapis.com",
            "project": "scoping-project-350008",
            "service": "iam.googleapis.com",
            "timeouts": null
          },
          "sensitive_attributes": [],
          "private": "eyJlMmJmYjczMC1lY2FhLTExZTYtOGY4OC0zNDM2M2JjN2M0YzAiOnsiY3JlYXRlIjoxMjAwMDAwMDAwMDAwLCJkZWxldGUiOjEyMDAwMDAwMDAwMDAsInJlYWQiOjYwMDAwMDAwMDAwMCwidXBkYXRlIjoxMjAwMDAwMDAwMDAwfX0="
        },
        {
          "index_key": "logging.googleapis.com",
          "schema_version": 0,
          "attributes": {
            "disable_dependent_services": true,
            "disable_on_destroy": false,
            "id": "scoping-project-350008/logging.googleapis.com",
            "project": "scoping-project-350008",
            "service": "logging.googleapis.com",
            "timeouts": null
          },
          "sensitive_attributes": [],
          "private": "eyJlMmJmYjczMC1lY2FhLTExZTYtOGY4OC0zNDM2M2JjN2M0YzAiOnsiY3JlYXRlIjoxMjAwMDAwMDAwMDAwLCJkZWxldGUiOjEyMDAwMDAwMDAwMDAsInJlYWQiOjYwMDAwMDAwMDAwMCwidXBkYXRlIjoxMjAwMDAwMDAwMDAwfX0="
        },
        {
          "index_key": "monitoring.googleapis.com",
          "schema_version": 0,
          "attributes": {
            "disable_dependent_services": true,
            "disable_on_destroy": false,
            "id": "scoping-project-350008/monitoring.googleapis.com",
            "project": "scoping-project-350008",
            "service": "monitoring.googleapis.com",
            "timeouts": null
          },
          "sensitive_attributes": [],
          "private": "eyJlMmJmYjczMC1lY2FhLTExZTYtOGY4OC0zNDM2M2JjN2M0YzAiOnsiY3JlYXRlIjoxMjAwMDAwMDAwMDAwLCJkZWxldGUiOjEyMDAwMDAwMDAwMDAsInJlYWQiOjYwMDAwMDAwMDAwMCwidXBkYXRlIjoxMjAwMDAwMDAwMDAwfX0="
        },
        {
          "index_key": "run.googleapis.com",
          "schema_version": 0,
          "attributes": {
            "disable_dependent_services": true,
            "disable_on_destroy": false,
            "id": "scoping-project-350008/run.googleapis.com",
            "project": "scoping-project-350008",
            "service": "run.googleapis.com",
            "timeouts": null
          },
          "sensitive_attributes": [],
          "private": "eyJlMmJmYjczMC1lY2FhLTExZTYtOGY4OC0zNDM2M2JjN2M0YzAiOnsiY3JlYXRlIjoxMjAwMDAwMDAwMDAwLCJkZWxldGUiOjEyMDAwMDAwMDAwMDAsInJlYWQiOjYwMDAwMDAwMDAwMCwidXBkYXRlIjoxMjAwMDAwMDAwMDAwfX0="
        },
        {
          "index_key": "serviceusage.googleapis.com",
          "schema_version": 0,
          "attributes": {
            "disable_dependent_services": true,
            "disable_on_destroy": false,
            "id": "scoping-project-350008/serviceusage.googleapis.com",
            "project": "scoping-project-350008",
            "service": "serviceusage.googleapis.com",
            "timeouts": null
          },
          "sensitive_attributes": [],
          "private": "eyJlMmJmYjczMC1lY2FhLTExZTYtOGY4OC0zNDM2M2JjN2M0YzAiOnsiY3JlYXRlIjoxMjAwMDAwMDAwMDAwLCJkZWxldGUiOjEyMDAwMDAwMDAwMDAsInJlYWQiOjYwMDAwMDAwMDAwMCwidXBkYXRlIjoxMjAwMDAwMDAwMDAwfX0="
        },
        {
          "index_key": "sqladmin.googleapis.com",
          "schema_version": 0,
          "attributes": {
            "disable_dependent_services": true,
            "disable_on_destroy": false,
            "id": "scoping-project-350008/sqladmin.googleapis.com",
            "project": "scoping-project-350008",
            "service": "sqladmin.googleapis.com",
            "timeouts": null
          },
          "sensitive_attributes": [],
          "private": "eyJlMmJmYjczMC1lY2FhLTExZTYtOGY4OC0zNDM2M2JjN2M0YzAiOnsiY3JlYXRlIjoxMjAwMDAwMDAwMDAwLCJkZWxldGUiOjEyMDAwMDAwMDAwMDAsInJlYWQiOjYwMDAwMDAwMDAwMCwidXBkYXRlIjoxMjAwMDAwMDAwMDAwfX0="
        },
        {
          "index_key": "storage.googleapis.com",
          "schema_version": 0,
          "attributes": {
            "disable_dependent_services": true,
            "disable_on_destroy": false,
            "id": "scoping-project-350008/storage.googleapis.com",
            "project": "scoping-project-350008",
            "service": "storage.googleapis.com",
            "timeouts": null
          },
          "sensitive_attributes": [],
          "private": "eyJlMmJmYjczMC1lY2FhLTExZTYtOGY4OC0zNDM2M2JjN2M0YzAiOnsiY3JlYXRlIjoxMjAwMDAwMDAwMDAwLCJkZWxldGUiOjEyMDAwMDAwMDAwMDAsInJlYWQiOjYwMDAwMDAwMDAwMCwidXBkYXRlIjoxMjAwMDAwMDAwMDAwfX0="
        }
      ]
    },
    {
      "module": "module.project_services",
      "mode": "managed",
      "type": "google_project_service_identity",
      "name": "project_service_identities",
      "provider": "provider[\"registry.terraform.io/hashicorp/google-beta\"]",
      "instances": []
    }
  ],
  "check_results": null
}
